
Microsoft Visual Studio Solution File, Format Version 12.00
# Visual Studio Version 17
VisualStudioVersion = 17.0.31903.59
MinimumVisualStudioVersion = 10.0.40219.1
Project("{FAE04EC0-301F-11D3-BF4B-00C04F79EFBC}") = "Bank.WebApi", "Bank.WebApi\Bank.WebApi.csproj", "{BCA08E3E-98D9-428C-973B-29DC280622B8}"
EndProject
Project("{FAE04EC0-301F-11D3-BF4B-00C04F79EFBC}") = "Bank.WebApi.Tests", "Bank.WebApi.Tests\Bank.WebApi.Tests.csproj", "{45EE0CF8-ECFA-4E3B-BEDE-6D125362C9BF}"
EndProject
Global
	GlobalSection(SolutionConfigurationPlatforms) = preSolution
		Debug|Any CPU = Debug|Any CPU
		Release|Any CPU = Release|Any CPU
	EndGlobalSection
	GlobalSection(SolutionProperties) = preSolution
		HideSolutionNode = FALSE
	EndGlobalSection
	GlobalSection(ProjectConfigurationPlatforms) = postSolution
		{BCA08E3E-98D9-428C-973B-29DC280622B8}.Debug|Any CPU.ActiveCfg = Debug|Any CPU
		{BCA08E3E-98D9-428C-973B-29DC280622B8}.Debug|Any CPU.Build.0 = Debug|Any CPU
		{BCA08E3E-98D9-428C-973B-29DC280622B8}.Release|Any CPU.ActiveCfg = Release|Any CPU
		{BCA08E3E-98D9-428C-973B-29DC280622B8}.Release|Any CPU.Build.0 = Release|Any CPU
		{45EE0CF8-ECFA-4E3B-BEDE-6D125362C9BF}.Debug|Any CPU.ActiveCfg = Debug|Any CPU
		{45EE0CF8-ECFA-4E3B-BEDE-6D125362C9BF}.Debug|Any CPU.Build.0 = Debug|Any CPU
		{45EE0CF8-ECFA-4E3B-BEDE-6D125362C9BF}.Release|Any CPU.ActiveCfg = Release|Any CPU
		{45EE0CF8-ECFA-4E3B-BEDE-6D125362C9BF}.Release|Any CPU.Build.0 = Release|Any CPU
	EndGlobalSection
EndGlobal
